
Microsoft Visual Studio Solution File, Format Version 12.00
# Visual Studio Version 17
VisualStudioVersion = 17.9.34728.123
MinimumVisualStudioVersion = 10.0.40219.1
Project("{FAE04EC0-301F-11D3-BF4B-00C04F79EFBC}") = "Hubsta", "Hubsta\Hubsta.csproj", "{BBC9577E-1D67-4483-B8BE-77AFE599A53A}"
EndProject
Global
	GlobalSection(SolutionConfigurationPlatforms) = preSolution
		Debug|Any CPU = Debug|Any CPU
		Release|Any CPU = Release|Any CPU
	EndGlobalSection
	GlobalSection(ProjectConfigurationPlatforms) = postSolution
		{BBC9577E-1D67-4483-B8BE-77AFE599A53A}.Debug|Any CPU.ActiveCfg = Debug|Any CPU
		{BBC9577E-1D67-4483-B8BE-77AFE599A53A}.Debug|Any CPU.Build.0 = Debug|Any CPU
		{BBC9577E-1D67-4483-B8BE-77AFE599A53A}.Release|Any CPU.ActiveCfg = Release|Any CPU
		{BBC9577E-1D67-4483-B8BE-77AFE599A53A}.Release|Any CPU.Build.0 = Release|Any CPU
	EndGlobalSection
	GlobalSection(SolutionProperties) = preSolution
		HideSolutionNode = FALSE
	EndGlobalSection
	GlobalSection(ExtensibilityGlobals) = postSolution
		SolutionGuid = {7723C38F-D6AB-47F3-AF48-DA49A0EA008A}
	EndGlobalSection
EndGlobal
